
Microsoft Visual Studio Solution File, Format Version 12.00
# Visual Studio Version 17
VisualStudioVersion = 17.13.35931.197
MinimumVisualStudioVersion = 10.0.40219.1
Project("{2150E333-8FDC-42A3-9474-1A3956D46DE8}") = "Services", "Services", "{02EA681E-C7D8-13C7-8484-4AC65E1B71E8}"
EndProject
Project("{2150E333-8FDC-42A3-9474-1A3956D46DE8}") = "Catalog", "Catalog", "{EB0A1C56-0BCA-4F24-9B40-9C194A35464E}"
EndProject
Project("{FAE04EC0-301F-11D3-BF4B-00C04F79EFBC}") = "Catalog.API", "Services\Catalog\Catalog.API\Catalog.API.csproj", "{F9957636-6FD2-485A-B26D-A3F1989FBFD5}"
EndProject
Project("{2150E333-8FDC-42A3-9474-1A3956D46DE8}") = "BuildingBlocks", "BuildingBlocks", "{53355E1C-2564-46CC-9148-D06E917E22A8}"
EndProject
Project("{FAE04EC0-301F-11D3-BF4B-00C04F79EFBC}") = "BuildingBlocks", "BuildingBlocks\BuildingBlocks\BuildingBlocks.csproj", "{902160C1-838E-420F-AD75-612691FCCC0C}"
EndProject
Project("{E53339B2-1760-4266-BCC7-CA923CBCF16C}") = "docker-compose", "docker-compose.dcproj", "{81DDED9D-158B-E303-5F62-77A2896D2A5A}"
EndProject
Project("{2150E333-8FDC-42A3-9474-1A3956D46DE8}") = "Basket", "Basket", "{CAD9111B-33A4-4DD3-94A8-D42EE01EF9F4}"
EndProject
Project("{FAE04EC0-301F-11D3-BF4B-00C04F79EFBC}") = "Basket.API", "Services\Basket\Basket.API\Basket.API.csproj", "{72DF2BFE-4375-4CB2-820D-EBD89DA90723}"
EndProject
Project("{2150E333-8FDC-42A3-9474-1A3956D46DE8}") = "Discount", "Discount", "{808A48A3-D13C-4EEF-AB2E-FCB7CCCBB3F1}"
EndProject
Project("{FAE04EC0-301F-11D3-BF4B-00C04F79EFBC}") = "Discount.grpc", "Services\Discount\Discount.grpc\Discount.grpc.csproj", "{21957DF5-0954-41D6-BD57-DB801731639C}"
EndProject
Project("{2150E333-8FDC-42A3-9474-1A3956D46DE8}") = "Ordering", "Ordering", "{3726FC9B-979E-47EA-9251-CCD179DE2ABC}"
EndProject
Project("{FAE04EC0-301F-11D3-BF4B-00C04F79EFBC}") = "Ordering.API", "Services\Ordering\Ordering.API\Ordering.API.csproj", "{5F703575-2F37-4DA9-A0D4-58353752B9F8}"
EndProject
Project("{FAE04EC0-301F-11D3-BF4B-00C04F79EFBC}") = "Ordering.Domain", "Services\Ordering\Ordering.Domain\Ordering.Domain.csproj", "{541DED09-D5DB-40E5-A940-C1C9E62B4547}"
EndProject
Project("{FAE04EC0-301F-11D3-BF4B-00C04F79EFBC}") = "Ordering.Application", "Services\Ordering\Ordering.Application\Ordering.Application.csproj", "{26B504DB-8FFE-475E-A2C1-3A5B38AF4AC1}"
EndProject
Project("{FAE04EC0-301F-11D3-BF4B-00C04F79EFBC}") = "Ordering.Infrastructure", "Services\Ordering\Ordering.Infrastructure\Ordering.Infrastructure.csproj", "{C6A26550-4F27-4D93-9692-DBC503DCDBEF}"
EndProject
Project("{FAE04EC0-301F-11D3-BF4B-00C04F79EFBC}") = "BuildingBlocks.Messaging", "BuildingBlocks\BuildingBlocks.Messaging\BuildingBlocks.Messaging.csproj", "{C93030EC-2966-4F5B-A841-A6A61A656607}"
EndProject
Project("{2150E333-8FDC-42A3-9474-1A3956D46DE8}") = "ApiGateways", "ApiGateways", "{43A82E89-6BCE-4FC0-BAD3-E2C1DA7C73CB}"
EndProject
Project("{FAE04EC0-301F-11D3-BF4B-00C04F79EFBC}") = "YarpApiGateway", "ApiGateways\YarpApiGateway\YarpApiGateway.csproj", "{FCC0923C-BFD0-4D1C-888E-475E39C4E10C}"
EndProject
Project("{2150E333-8FDC-42A3-9474-1A3956D46DE8}") = "WebApps", "WebApps", "{48803414-26AF-47CE-A534-8C92947AAE5F}"
EndProject
Project("{FAE04EC0-301F-11D3-BF4B-00C04F79EFBC}") = "Shopping.Web", "WebApps\Shopping.Web\Shopping.Web.csproj", "{028F12E0-D991-43A9-AF1E-9B9DF674F63D}"
EndProject
Global
	GlobalSection(SolutionConfigurationPlatforms) = preSolution
		Debug|Any CPU = Debug|Any CPU
		Release|Any CPU = Release|Any CPU
	EndGlobalSection
	GlobalSection(ProjectConfigurationPlatforms) = postSolution
		{F9957636-6FD2-485A-B26D-A3F1989FBFD5}.Debug|Any CPU.ActiveCfg = Debug|Any CPU
		{F9957636-6FD2-485A-B26D-A3F1989FBFD5}.Debug|Any CPU.Build.0 = Debug|Any CPU
		{F9957636-6FD2-485A-B26D-A3F1989FBFD5}.Release|Any CPU.ActiveCfg = Release|Any CPU
		{F9957636-6FD2-485A-B26D-A3F1989FBFD5}.Release|Any CPU.Build.0 = Release|Any CPU
		{902160C1-838E-420F-AD75-612691FCCC0C}.Debug|Any CPU.ActiveCfg = Debug|Any CPU
		{902160C1-838E-420F-AD75-612691FCCC0C}.Debug|Any CPU.Build.0 = Debug|Any CPU
		{902160C1-838E-420F-AD75-612691FCCC0C}.Release|Any CPU.ActiveCfg = Release|Any CPU
		{902160C1-838E-420F-AD75-612691FCCC0C}.Release|Any CPU.Build.0 = Release|Any CPU
		{81DDED9D-158B-E303-5F62-77A2896D2A5A}.Debug|Any CPU.ActiveCfg = Debug|Any CPU
		{81DDED9D-158B-E303-5F62-77A2896D2A5A}.Debug|Any CPU.Build.0 = Debug|Any CPU
		{81DDED9D-158B-E303-5F62-77A2896D2A5A}.Release|Any CPU.ActiveCfg = Release|Any CPU
		{81DDED9D-158B-E303-5F62-77A2896D2A5A}.Release|Any CPU.Build.0 = Release|Any CPU
		{72DF2BFE-4375-4CB2-820D-EBD89DA90723}.Debug|Any CPU.ActiveCfg = Debug|Any CPU
		{72DF2BFE-4375-4CB2-820D-EBD89DA90723}.Debug|Any CPU.Build.0 = Debug|Any CPU
		{72DF2BFE-4375-4CB2-820D-EBD89DA90723}.Release|Any CPU.ActiveCfg = Release|Any CPU
		{72DF2BFE-4375-4CB2-820D-EBD89DA90723}.Release|Any CPU.Build.0 = Release|Any CPU
		{21957DF5-0954-41D6-BD57-DB801731639C}.Debug|Any CPU.ActiveCfg = Debug|Any CPU
		{21957DF5-0954-41D6-BD57-DB801731639C}.Debug|Any CPU.Build.0 = Debug|Any CPU
		{21957DF5-0954-41D6-BD57-DB801731639C}.Release|Any CPU.ActiveCfg = Release|Any CPU
		{21957DF5-0954-41D6-BD57-DB801731639C}.Release|Any CPU.Build.0 = Release|Any CPU
		{5F703575-2F37-4DA9-A0D4-58353752B9F8}.Debug|Any CPU.ActiveCfg = Debug|Any CPU
		{5F703575-2F37-4DA9-A0D4-58353752B9F8}.Debug|Any CPU.Build.0 = Debug|Any CPU
		{5F703575-2F37-4DA9-A0D4-58353752B9F8}.Release|Any CPU.ActiveCfg = Release|Any CPU
		{5F703575-2F37-4DA9-A0D4-58353752B9F8}.Release|Any CPU.Build.0 = Release|Any CPU
		{541DED09-D5DB-40E5-A940-C1C9E62B4547}.Debug|Any CPU.ActiveCfg = Debug|Any CPU
		{541DED09-D5DB-40E5-A940-C1C9E62B4547}.Debug|Any CPU.Build.0 = Debug|Any CPU
		{541DED09-D5DB-40E5-A940-C1C9E62B4547}.Release|Any CPU.ActiveCfg = Release|Any CPU
		{541DED09-D5DB-40E5-A940-C1C9E62B4547}.Release|Any CPU.Build.0 = Release|Any CPU
		{26B504DB-8FFE-475E-A2C1-3A5B38AF4AC1}.Debug|Any CPU.ActiveCfg = Debug|Any CPU
		{26B504DB-8FFE-475E-A2C1-3A5B38AF4AC1}.Debug|Any CPU.Build.0 = Debug|Any CPU
		{26B504DB-8FFE-475E-A2C1-3A5B38AF4AC1}.Release|Any CPU.ActiveCfg = Release|Any CPU
		{26B504DB-8FFE-475E-A2C1-3A5B38AF4AC1}.Release|Any CPU.Build.0 = Release|Any CPU
		{C6A26550-4F27-4D93-9692-DBC503DCDBEF}.Debug|Any CPU.ActiveCfg = Debug|Any CPU
		{C6A26550-4F27-4D93-9692-DBC503DCDBEF}.Debug|Any CPU.Build.0 = Debug|Any CPU
		{C6A26550-4F27-4D93-9692-DBC503DCDBEF}.Release|Any CPU.ActiveCfg = Release|Any CPU
		{C6A26550-4F27-4D93-9692-DBC503DCDBEF}.Release|Any CPU.Build.0 = Release|Any CPU
		{C93030EC-2966-4F5B-A841-A6A61A656607}.Debug|Any CPU.ActiveCfg = Debug|Any CPU
		{C93030EC-2966-4F5B-A841-A6A61A656607}.Debug|Any CPU.Build.0 = Debug|Any CPU
		{C93030EC-2966-4F5B-A841-A6A61A656607}.Release|Any CPU.ActiveCfg = Release|Any CPU
		{C93030EC-2966-4F5B-A841-A6A61A656607}.Release|Any CPU.Build.0 = Release|Any CPU
		{FCC0923C-BFD0-4D1C-888E-475E39C4E10C}.Debug|Any CPU.ActiveCfg = Debug|Any CPU
		{FCC0923C-BFD0-4D1C-888E-475E39C4E10C}.Debug|Any CPU.Build.0 = Debug|Any CPU
		{FCC0923C-BFD0-4D1C-888E-475E39C4E10C}.Release|Any CPU.ActiveCfg = Release|Any CPU
		{FCC0923C-BFD0-4D1C-888E-475E39C4E10C}.Release|Any CPU.Build.0 = Release|Any CPU
		{028F12E0-D991-43A9-AF1E-9B9DF674F63D}.Debug|Any CPU.ActiveCfg = Debug|Any CPU
		{028F12E0-D991-43A9-AF1E-9B9DF674F63D}.Debug|Any CPU.Build.0 = Debug|Any CPU
		{028F12E0-D991-43A9-AF1E-9B9DF674F63D}.Release|Any CPU.ActiveCfg = Release|Any CPU
		{028F12E0-D991-43A9-AF1E-9B9DF674F63D}.Release|Any CPU.Build.0 = Release|Any CPU
	EndGlobalSection
	GlobalSection(SolutionProperties) = preSolution
		HideSolutionNode = FALSE
	EndGlobalSection
	GlobalSection(NestedProjects) = preSolution
		{EB0A1C56-0BCA-4F24-9B40-9C194A35464E} = {02EA681E-C7D8-13C7-8484-4AC65E1B71E8}
		{F9957636-6FD2-485A-B26D-A3F1989FBFD5} = {EB0A1C56-0BCA-4F24-9B40-9C194A35464E}
		{902160C1-838E-420F-AD75-612691FCCC0C} = {53355E1C-2564-46CC-9148-D06E917E22A8}
		{CAD9111B-33A4-4DD3-94A8-D42EE01EF9F4} = {02EA681E-C7D8-13C7-8484-4AC65E1B71E8}
		{72DF2BFE-4375-4CB2-820D-EBD89DA90723} = {CAD9111B-33A4-4DD3-94A8-D42EE01EF9F4}
		{808A48A3-D13C-4EEF-AB2E-FCB7CCCBB3F1} = {02EA681E-C7D8-13C7-8484-4AC65E1B71E8}
		{21957DF5-0954-41D6-BD57-DB801731639C} = {808A48A3-D13C-4EEF-AB2E-FCB7CCCBB3F1}
		{3726FC9B-979E-47EA-9251-CCD179DE2ABC} = {02EA681E-C7D8-13C7-8484-4AC65E1B71E8}
		{5F703575-2F37-4DA9-A0D4-58353752B9F8} = {3726FC9B-979E-47EA-9251-CCD179DE2ABC}
		{541DED09-D5DB-40E5-A940-C1C9E62B4547} = {3726FC9B-979E-47EA-9251-CCD179DE2ABC}
		{26B504DB-8FFE-475E-A2C1-3A5B38AF4AC1} = {3726FC9B-979E-47EA-9251-CCD179DE2ABC}
		{C6A26550-4F27-4D93-9692-DBC503DCDBEF} = {3726FC9B-979E-47EA-9251-CCD179DE2ABC}
		{C93030EC-2966-4F5B-A841-A6A61A656607} = {53355E1C-2564-46CC-9148-D06E917E22A8}
		{FCC0923C-BFD0-4D1C-888E-475E39C4E10C} = {43A82E89-6BCE-4FC0-BAD3-E2C1DA7C73CB}
		{028F12E0-D991-43A9-AF1E-9B9DF674F63D} = {48803414-26AF-47CE-A534-8C92947AAE5F}
	EndGlobalSection
	GlobalSection(ExtensibilityGlobals) = postSolution
		SolutionGuid = {9551E654-7A28-4AB7-9CB7-BE6D962B8C39}
	EndGlobalSection
EndGlobal
