
Microsoft Visual Studio Solution File, Format Version 12.00
# Visual Studio Version 17
VisualStudioVersion = 17.13.35931.197
MinimumVisualStudioVersion = 10.0.40219.1
Project("{2150E333-8FDC-42A3-9474-1A3956D46DE8}") = "Services", "Services", "{02EA681E-C7D8-13C7-8484-4AC65E1B71E8}"
EndProject
Project("{2150E333-8FDC-42A3-9474-1A3956D46DE8}") = "Catalog", "Catalog", "{EB0A1C56-0BCA-4F24-9B40-9C194A35464E}"
EndProject
Project("{FAE04EC0-301F-11D3-BF4B-00C04F79EFBC}") = "Catalog.API", "Services\Catalog\Catalog.API\Catalog.API.csproj", "{F9957636-6FD2-485A-B26D-A3F1989FBFD5}"
EndProject
Project("{2150E333-8FDC-42A3-9474-1A3956D46DE8}") = "BuildingBlocks", "BuildingBlocks", "{53355E1C-2564-46CC-9148-D06E917E22A8}"
EndProject
Project("{FAE04EC0-301F-11D3-BF4B-00C04F79EFBC}") = "BuildingBlocks", "BuildingBlocks\BuildingBlocks\BuildingBlocks.csproj", "{902160C1-838E-420F-AD75-612691FCCC0C}"
EndProject
Project("{E53339B2-1760-4266-BCC7-CA923CBCF16C}") = "docker-compose", "docker-compose.dcproj", "{81DDED9D-158B-E303-5F62-77A2896D2A5A}"
EndProject
Project("{2150E333-8FDC-42A3-9474-1A3956D46DE8}") = "Basket", "Basket", "{CAD9111B-33A4-4DD3-94A8-D42EE01EF9F4}"
EndProject
Project("{FAE04EC0-301F-11D3-BF4B-00C04F79EFBC}") = "Basket.API", "Services\Basket\Basket.API\Basket.API.csproj", "{72DF2BFE-4375-4CB2-820D-EBD89DA90723}"
EndProject
Project("{2150E333-8FDC-42A3-9474-1A3956D46DE8}") = "Discount", "Discount", "{808A48A3-D13C-4EEF-AB2E-FCB7CCCBB3F1}"
EndProject
Project("{FAE04EC0-301F-11D3-BF4B-00C04F79EFBC}") = "Discount.grpc", "Services\Discount\Discount.grpc\Discount.grpc.csproj", "{21957DF5-0954-41D6-BD57-DB801731639C}"
EndProject
Global
	GlobalSection(SolutionConfigurationPlatforms) = preSolution
		Debug|Any CPU = Debug|Any CPU
		Release|Any CPU = Release|Any CPU
	EndGlobalSection
	GlobalSection(ProjectConfigurationPlatforms) = postSolution
		{F9957636-6FD2-485A-B26D-A3F1989FBFD5}.Debug|Any CPU.ActiveCfg = Debug|Any CPU
		{F9957636-6FD2-485A-B26D-A3F1989FBFD5}.Debug|Any CPU.Build.0 = Debug|Any CPU
		{F9957636-6FD2-485A-B26D-A3F1989FBFD5}.Release|Any CPU.ActiveCfg = Release|Any CPU
		{F9957636-6FD2-485A-B26D-A3F1989FBFD5}.Release|Any CPU.Build.0 = Release|Any CPU
		{902160C1-838E-420F-AD75-612691FCCC0C}.Debug|Any CPU.ActiveCfg = Debug|Any CPU
		{902160C1-838E-420F-AD75-612691FCCC0C}.Debug|Any CPU.Build.0 = Debug|Any CPU
		{902160C1-838E-420F-AD75-612691FCCC0C}.Release|Any CPU.ActiveCfg = Release|Any CPU
		{902160C1-838E-420F-AD75-612691FCCC0C}.Release|Any CPU.Build.0 = Release|Any CPU
		{81DDED9D-158B-E303-5F62-77A2896D2A5A}.Debug|Any CPU.ActiveCfg = Debug|Any CPU
		{81DDED9D-158B-E303-5F62-77A2896D2A5A}.Debug|Any CPU.Build.0 = Debug|Any CPU
		{81DDED9D-158B-E303-5F62-77A2896D2A5A}.Release|Any CPU.ActiveCfg = Release|Any CPU
		{81DDED9D-158B-E303-5F62-77A2896D2A5A}.Release|Any CPU.Build.0 = Release|Any CPU
		{72DF2BFE-4375-4CB2-820D-EBD89DA90723}.Debug|Any CPU.ActiveCfg = Debug|Any CPU
		{72DF2BFE-4375-4CB2-820D-EBD89DA90723}.Debug|Any CPU.Build.0 = Debug|Any CPU
		{72DF2BFE-4375-4CB2-820D-EBD89DA90723}.Release|Any CPU.ActiveCfg = Release|Any CPU
		{72DF2BFE-4375-4CB2-820D-EBD89DA90723}.Release|Any CPU.Build.0 = Release|Any CPU
		{21957DF5-0954-41D6-BD57-DB801731639C}.Debug|Any CPU.ActiveCfg = Debug|Any CPU
		{21957DF5-0954-41D6-BD57-DB801731639C}.Debug|Any CPU.Build.0 = Debug|Any CPU
		{21957DF5-0954-41D6-BD57-DB801731639C}.Release|Any CPU.ActiveCfg = Release|Any CPU
		{21957DF5-0954-41D6-BD57-DB801731639C}.Release|Any CPU.Build.0 = Release|Any CPU
	EndGlobalSection
	GlobalSection(SolutionProperties) = preSolution
		HideSolutionNode = FALSE
	EndGlobalSection
	GlobalSection(NestedProjects) = preSolution
		{EB0A1C56-0BCA-4F24-9B40-9C194A35464E} = {02EA681E-C7D8-13C7-8484-4AC65E1B71E8}
		{F9957636-6FD2-485A-B26D-A3F1989FBFD5} = {EB0A1C56-0BCA-4F24-9B40-9C194A35464E}
		{902160C1-838E-420F-AD75-612691FCCC0C} = {53355E1C-2564-46CC-9148-D06E917E22A8}
		{CAD9111B-33A4-4DD3-94A8-D42EE01EF9F4} = {02EA681E-C7D8-13C7-8484-4AC65E1B71E8}
		{72DF2BFE-4375-4CB2-820D-EBD89DA90723} = {CAD9111B-33A4-4DD3-94A8-D42EE01EF9F4}
		{808A48A3-D13C-4EEF-AB2E-FCB7CCCBB3F1} = {02EA681E-C7D8-13C7-8484-4AC65E1B71E8}
		{21957DF5-0954-41D6-BD57-DB801731639C} = {808A48A3-D13C-4EEF-AB2E-FCB7CCCBB3F1}
	EndGlobalSection
	GlobalSection(ExtensibilityGlobals) = postSolution
		SolutionGuid = {9551E654-7A28-4AB7-9CB7-BE6D962B8C39}
	EndGlobalSection
EndGlobal
